[[package]]
category = "dev"
description = "Python graph (network) package"
name = "altgraph"
optional = false
python-versions = "*"
version = "0.17"

[[package]]
category = "dev"
description = "Atomic file writes."
name = "atomicwrites"
optional = false
python-versions = ">=2.7, !=3.0.*, !=3.1.*, !=3.2.*, !=3.3.*"
version = "1.3.0"

[[package]]
category = "dev"
description = "Classes Without Boilerplate"
name = "attrs"
optional = false
python-versions = ">=2.7, !=3.0.*, !=3.1.*, !=3.2.*, !=3.3.*"
version = "19.3.0"

[[package]]
category = "main"
description = "Python package for providing Mozilla's CA Bundle."
name = "certifi"
optional = false
python-versions = "*"
version = "2020.4.5.1"

[[package]]
category = "main"
description = "Foreign Function Interface for Python calling C code."
name = "cffi"
optional = false
python-versions = "*"
version = "1.14.0"

[package.dependencies]
pycparser = "*"

[[package]]
category = "main"
description = "Universal encoding detector for Python 2 and 3"
name = "chardet"
optional = false
python-versions = "*"
version = "3.0.4"

[[package]]
category = "main"
description = "Composable command line interface toolkit"
name = "click"
optional = false
python-versions = ">=2.7, !=3.0.*, !=3.1.*, !=3.2.*, !=3.3.*, !=3.4.*"
version = "7.1.1"

[[package]]
category = "dev"
description = "Cross-platform colored terminal text."
marker = "sys_platform == \"win32\""
name = "colorama"
optional = false
python-versions = ">=2.7, !=3.0.*, !=3.1.*, !=3.2.*, !=3.3.*, !=3.4.*"
version = "0.4.3"

[[package]]
category = "main"
description = "cryptography is a package which provides cryptographic recipes and primitives to Python developers."
name = "cryptography"
optional = false
python-versions = ">=2.7,!=3.0.*,!=3.1.*,!=3.2.*,!=3.3.*,!=3.4.*"
version = "2.9"

[package.dependencies]
cffi = ">=1.8,<1.11.3 || >1.11.3"
six = ">=1.4.1"

[[package]]
category = "dev"
description = "Python 2.7 backport of the \"dis\" module from Python 3.5+"
name = "dis3"
optional = false
python-versions = "*"
version = "0.1.3"

[[package]]
category = "dev"
description = "Clean single-source support for Python 3 and 2"
name = "future"
optional = false
python-versions = ">=2.6, !=3.0.*, !=3.1.*, !=3.2.*"
version = "0.18.2"

[[package]]
category = "main"
description = "Internationalized Domain Names in Applications (IDNA)"
name = "idna"
optional = false
python-versions = ">=2.7, !=3.0.*, !=3.1.*, !=3.2.*, !=3.3.*"
version = "2.9"

[[package]]
category = "dev"
description = "Read metadata from Python packages"
marker = "python_version < \"3.8\""
name = "importlib-metadata"
optional = false
python-versions = "!=3.0.*,!=3.1.*,!=3.2.*,!=3.3.*,!=3.4.*,>=2.7"
version = "1.6.0"

[package.dependencies]
zipp = ">=0.5"

[[package]]
category = "dev"
description = "More routines for operating on iterables, beyond itertools"
name = "more-itertools"
optional = false
python-versions = ">=3.5"
version = "8.2.0"

[[package]]
category = "dev"
description = "Python PE parsing module"
name = "pefile"
optional = false
python-versions = "*"
version = "2019.4.18"

[package.dependencies]
future = "*"

[[package]]
category = "dev"
description = "plugin and hook calling mechanisms for python"
name = "pluggy"
optional = false
python-versions = ">=2.7, !=3.0.*, !=3.1.*, !=3.2.*, !=3.3.*"
version = "0.13.1"

[package.dependencies]
[package.dependencies.importlib-metadata]
python = "<3.8"
version = ">=0.12"

[[package]]
category = "dev"
description = "library with cross-python path, ini-parsing, io, code, log facilities"
name = "py"
optional = false
python-versions = ">=2.7, !=3.0.*, !=3.1.*, !=3.2.*, !=3.3.*"
version = "1.8.1"

[[package]]
category = "main"
description = "C parser in Python"
name = "pycparser"
optional = false
python-versions = ">=2.7, !=3.0.*, !=3.1.*, !=3.2.*, !=3.3.*"
version = "2.20"

[[package]]
category = "dev"
description = "PyInstaller bundles a Python application and all its dependencies into a single package."
name = "pyinstaller"
optional = false
python-versions = ">=2.7, !=3.0.*, !=3.1.*, !=3.2.*, !=3.3.*, !=3.4.*"
version = "3.6"

[package.dependencies]
altgraph = "*"
dis3 = "*"
setuptools = "*"

[[package]]
category = "main"
description = "JSON Web Token implementation in Python"
name = "pyjwt"
optional = false
python-versions = "*"
version = "1.7.1"

[[package]]
category = "dev"
description = "pytest: simple powerful testing with Python"
name = "pytest"
optional = false
python-versions = ">=2.7, !=3.0.*, !=3.1.*, !=3.2.*, !=3.3.*"
version = "3.10.1"

[package.dependencies]
atomicwrites = ">=1.0"
attrs = ">=17.4.0"
colorama = "*"
more-itertools = ">=4.0.0"
pluggy = ">=0.7"
py = ">=1.5.0"
setuptools = "*"
six = ">=1.10.0"

[[package]]
category = "dev"
description = ""
name = "pywin32-ctypes"
optional = false
python-versions = "*"
version = "0.2.0"

[[package]]
category = "main"
description = "Python HTTP for Humans."
name = "requests"
optional = false
python-versions = ">=2.7, !=3.0.*, !=3.1.*, !=3.2.*, !=3.3.*, !=3.4.*"
version = "2.23.0"

[package.dependencies]
certifi = ">=2017.4.17"
chardet = ">=3.0.2,<4"
idna = ">=2.5,<3"
urllib3 = ">=1.21.1,<1.25.0 || >1.25.0,<1.25.1 || >1.25.1,<1.26"

[[package]]
category = "main"
description = "Python 2 and 3 compatibility utilities"
name = "six"
optional = false
python-versions = ">=2.7, !=3.0.*, !=3.1.*, !=3.2.*"
version = "1.14.0"

[[package]]
category = "main"
description = "Python Library for Tom's Obvious, Minimal Language"
name = "toml"
optional = false
python-versions = "*"
version = "0.10.0"

[[package]]
category = "main"
description = "Client for the User Management API (UMAPI) from Adobe - see https://adobe.ly/2h1pHgV"
name = "umapi-client"
optional = false
python-versions = "*"
version = "2.13"

[package.dependencies]
PyJWT = "*"
cryptography = "*"
requests = ">=2.4.2"
six = "*"

[[package]]
category = "main"
description = "HTTP library with thread-safe connection pooling, file post, and more."
name = "urllib3"
optional = false
python-versions = ">=2.7, !=3.0.*, !=3.1.*, !=3.2.*, !=3.3.*, !=3.4.*, <4"
version = "1.25.8"

[[package]]
category = "dev"
description = "Backport of pathlib-compatible object wrapper for zip files"
marker = "python_version < \"3.8\""
name = "zipp"
optional = false
python-versions = ">=3.6"
version = "3.1.0"

[metadata]
content-hash = "d073ec00fd5bfa0e7b78896fe8233bc7285202e53cd8263e6f75013da544bf58"
python-versions = "^3.7"

[metadata.hashes]
altgraph = ["1f05a47122542f97028caf78775a095fbe6a2699b5089de8477eb583167d69aa", "c623e5f3408ca61d4016f23a681b9adb100802ca3e3da5e718915a9e4052cebe"]
atomicwrites = ["03472c30eb2c5d1ba9227e4c2ca66ab8287fbfbbda3888aa93dc2e28fc6811b4", "75a9445bac02d8d058d5e1fe689654ba5a6556a1dfd8ce6ec55a0ed79866cfa6"]
attrs = ["08a96c641c3a74e44eb59afb61a24f2cb9f4d7188748e76ba4bb5edfa3cb7d1c", "f7b7ce16570fe9965acd6d30101a28f62fb4a7f9e926b3bbc9b61f8b04247e72"]
certifi = ["1d987a998c75633c40847cc966fcf5904906c920a7f17ef374f5aa4282abd304", "51fcb31174be6e6664c5f69e3e1691a2d72a1a12e90f872cbdb1567eb47b6519"]
cffi = ["001bf3242a1bb04d985d63e138230802c6c8d4db3668fb545fb5005ddf5bb5ff", "00789914be39dffba161cfc5be31b55775de5ba2235fe49aa28c148236c4e06b", "028a579fc9aed3af38f4892bdcc7390508adabc30c6af4a6e4f611b0c680e6ac", "14491a910663bf9f13ddf2bc8f60562d6bc5315c1f09c704937ef17293fb85b0", "1cae98a7054b5c9391eb3249b86e0e99ab1e02bb0cc0575da191aedadbdf4384", "2089ed025da3919d2e75a4d963d008330c96751127dd6f73c8dc0c65041b4c26", "2d384f4a127a15ba701207f7639d94106693b6cd64173d6c8988e2c25f3ac2b6", "337d448e5a725bba2d8293c48d9353fc68d0e9e4088d62a9571def317797522b", "399aed636c7d3749bbed55bc907c3288cb43c65c4389964ad5ff849b6370603e", "3b911c2dbd4f423b4c4fcca138cadde747abdb20d196c4a48708b8a2d32b16dd", "3d311bcc4a41408cf5854f06ef2c5cab88f9fded37a3b95936c9879c1640d4c2", "62ae9af2d069ea2698bf536dcfe1e4eed9090211dbaafeeedf5cb6c41b352f66", "66e41db66b47d0d8672d8ed2708ba91b2f2524ece3dee48b5dfb36be8c2f21dc", "675686925a9fb403edba0114db74e741d8181683dcf216be697d208857e04ca8", "7e63cbcf2429a8dbfe48dcc2322d5f2220b77b2e17b7ba023d6166d84655da55", "8a6c688fefb4e1cd56feb6c511984a6c4f7ec7d2a1ff31a10254f3c817054ae4", "8c0ffc886aea5df6a1762d0019e9cb05f825d0eec1f520c51be9d198701daee5", "95cd16d3dee553f882540c1ffe331d085c9e629499ceadfbda4d4fde635f4b7d", "99f748a7e71ff382613b4e1acc0ac83bf7ad167fb3802e35e90d9763daba4d78", "b8c78301cefcf5fd914aad35d3c04c2b21ce8629b5e4f4e45ae6812e461910fa", "c420917b188a5582a56d8b93bdd8e0f6eca08c84ff623a4c16e809152cd35793", "c43866529f2f06fe0edc6246eb4faa34f03fe88b64a0a9a942561c8e22f4b71f", "cab50b8c2250b46fe738c77dbd25ce017d5e6fb35d3407606e7a4180656a5a6a", "cef128cb4d5e0b3493f058f10ce32365972c554572ff821e175dbc6f8ff6924f", "cf16e3cf6c0a5fdd9bc10c21687e19d29ad1fe863372b5543deaec1039581a30", "e56c744aa6ff427a607763346e4170629caf7e48ead6921745986db3692f987f", "e577934fc5f8779c554639376beeaa5657d54349096ef24abe8c74c5d9c117c3", "f2b0fa0c01d8a0c7483afd9f31d7ecf2d71760ca24499c8697aeb5ca37dc090c"]
chardet = ["84ab92ed1c4d4f16916e05906b6b75a6c0fb5db821cc65e70cbd64a3e2a5eaae", "fc323ffcaeaed0e0a02bf4d117757b98aed530d9ed4531e3e15460124c106691"]
click = ["8a18b4ea89d8820c5d0c7da8a64b2c324b4dabb695804dbfea19b9be9d88c0cc", "e345d143d80bf5ee7534056164e5e112ea5e22716bbb1ce727941f4c8b471b9a"]
colorama = ["7d73d2a99753107a36ac6b455ee49046802e59d9d076ef8e47b61499fa29afff", "e96da0d330793e2cb9485e9ddfd918d456036c7149416295932478192f4436a1"]
cryptography = ["0cacd3ef5c604b8e5f59bf2582c076c98a37fe206b31430d0cd08138aff0986e", "192ca04a36852a994ef21df13cca4d822adbbdc9d5009c0f96f1d2929e375d4f", "19ae795137682a9778892fb4390c07811828b173741bce91e30f899424b3934d", "1b9b535d6b55936a79dbe4990b64bb16048f48747c76c29713fea8c50eca2acf", "2a2ad24d43398d89f92209289f15265107928f22a8d10385f70def7a698d6a02", "3be7a5722d5bfe69894d3f7bbed15547b17619f3a88a318aab2e37f457524164", "49870684da168b90110bbaf86140d4681032c5e6a2461adc7afdd93be5634216", "587f98ce27ac4547177a0c6fe0986b8736058daffe9160dcf5f1bd411b7fbaa1", "5aca6f00b2f42546b9bdf11a69f248d1881212ce5b9e2618b04935b87f6f82a1", "6b744039b55988519cc183149cceb573189b3e46e16ccf6f8c46798bb767c9dc", "6b91cab3841b4c7cb70e4db1697c69f036c8bc0a253edc0baa6783154f1301e4", "7598974f6879a338c785c513e7c5a4329fbc58b9f6b9a6305035fca5b1076552", "7a279f33a081d436e90e91d1a7c338553c04e464de1c9302311a5e7e4b746088", "95e1296e0157361fe2f5f0ed307fd31f94b0ca13372e3673fa95095a627636a1", "9fc9da390e98cb6975eadf251b6e5fa088820141061bf041cd5c72deba1dc526", "cc20316e3f5a6b582fc3b029d8dc03aabeb645acfcb7fc1d9848841a33265748", "d1bf5a1a0d60c7f9a78e448adcb99aa101f3f9588b16708044638881be15d6bc", "ed1d0760c7e46436ec90834d6f10477ff09475c692ed1695329d324b2c5cd547", "ef9a55013676907df6c9d7dd943eb1770d014f68beaa7e73250fb43c759f4585"]
dis3 = ["30b6412d33d738663e8ded781b138f4b01116437f0872aa56aa3adba6aeff218", "61f7720dd0d8749d23fda3d7227ce74d73da11c2fade993a67ab2f9852451b14", "9259b881fc1df02ed12ac25f82d4a85b44241854330b1a651e40e0c675cb2d1e"]
future = ["b1bead90b70cf6ec3f0710ae53a525360fa360d306a86583adc6bf83a4db537d"]
idna = ["7588d1c14ae4c77d74036e8c22ff447b26d0fde8f007354fd48a7814db15b7cb", "a068a21ceac8a4d63dbfd964670474107f541babbd2250d61922f029858365fa"]
importlib-metadata = ["2a688cbaa90e0cc587f1df48bdc97a6eadccdcd9c35fb3f976a09e3b5016d90f", "34513a8a0c4962bc66d35b359558fd8a5e10cd472d37aec5f66858addef32c1e"]
more-itertools = ["5dd8bcf33e5f9513ffa06d5ad33d78f31e1931ac9a18f33d37e77a180d393a7c", "b1ddb932186d8a6ac451e1d95844b382f55e12686d51ca0c68b6f61f2ab7a507"]
pefile = ["a5d6e8305c6b210849b47a6174ddf9c452b2888340b8177874b862ba6c207645"]
pluggy = ["15b2acde666561e1298d71b523007ed7364de07029219b604cf808bfa1c765b0", "966c145cd83c96502c3c3868f50408687b38434af77734af1e9ca461a4081d2d"]
py = ["5e27081401262157467ad6e7f851b7aa402c5852dbcb3dae06768434de5752aa", "c20fdd83a5dbc0af9efd622bee9a5564e278f6380fffcacc43ba6f43db2813b0"]
pycparser = ["2d475327684562c3a96cc71adf7dc8c4f0565175cf86b6d7a404ff4c771f15f0", "7582ad22678f0fcd81102833f60ef8d0e57288b6b5fb00323d101be910e35705"]
pyinstaller = ["3730fa80d088f8bb7084d32480eb87cbb4ddb64123363763cf8f2a1378c1c4b7"]
pyjwt = ["5c6eca3c2940464d106b99ba83b00c6add741c9becaec087fb7ccdefea71350e", "8d59a976fb773f3e6a39c85636357c4f0e242707394cadadd9814f5cbaa20e96"]
pytest = ["3f193df1cfe1d1609d4c583838bea3d532b18d6160fd3f55c9447fdca30848ec", "e246cf173c01169b9617fc07264b7b1316e78d7a650055235d6d897bc80d9660"]
pywin32-ctypes = ["24ffc3b341d457d48e8922352130cf2644024a4ff09762a2261fd34c36ee5942", "9dc2d991b3479cc2df15930958b674a48a227d5361d413827a4cfd0b5876fc98"]
requests = ["43999036bfa82904b6af1d99e4882b560e5e2c68e5c4b0aa03b655f3d7d73fee", "b3f43d496c6daba4493e7c431722aeb7dbc6288f52a6e04e7b6023b0247817e6"]
six = ["236bdbdce46e6e6a3d61a337c0f8b763ca1e8717c03b369e87a7ec7ce1319c0a", "8f3cd2e254d8f793e7f3d6d9df77b92252b52637291d0f0da013c76ea2724b6c"]
toml = ["229f81c57791a41d65e399fc06bf0848bab550a9dfd5ed66df18ce5f05e73d5c", "235682dd292d5899d361a811df37e04a8828a5b1da3115886b73cf81ebc9100e", "f1db651f9657708513243e61e6cc67d101a39bad662eaa9b5546f789338e07a3"]
umapi-client = ["1c3c04572d05a1bfa326bad00e2578e4ad53f224f3f91c51c442c623150471f8", "817e507aa240ba3b9ca9ce10fc3ae99bb55fd08619dd9f9df69c2ee5713155e1"]
urllib3 = ["2f3db8b19923a873b3e5256dc9c2dedfa883e33d87c690d9c7913e1f40673cdc", "87716c2d2a7121198ebcb7ce7cccf6ce5e9ba539041cfbaeecfb641dc0bf6acc"]
zipp = ["aa36550ff0c0b7ef7fa639055d797116ee891440eac1a56f378e2d3179e0320b", "c599e4d75c98f6798c509911d08a22e6c021d074469042177c8c86fb92eefd96"]
